
Microsoft Visual Studio Solution File, Format Version 12.00
# Visual Studio Version 16
VisualStudioVersion = 16.0.30804.86
MinimumVisualStudioVersion = 10.0.40219.1
Project("{FAE04EC0-301F-11D3-BF4B-00C04F79EFBC}") = "CarDealershipAPI", "CarDealershipAPI\CarDealershipAPI.csproj", "{30D46831-8734-4BD4-B607-6557708F275D}"
EndProject
Project("{FAE04EC0-301F-11D3-BF4B-00C04F79EFBC}") = "CarDealershipTest", "CarDealershipTest\CarDealershipTest.csproj", "{FCCE83F3-2C74-43C8-BC62-515D3F8D13F9}"
EndProject
Global
	GlobalSection(SolutionConfigurationPlatforms) = preSolution
		Debug|Any CPU = Debug|Any CPU
		Release|Any CPU = Release|Any CPU
	EndGlobalSection
	GlobalSection(ProjectConfigurationPlatforms) = postSolution
		{30D46831-8734-4BD4-B607-6557708F275D}.Debug|Any CPU.ActiveCfg = Debug|Any CPU
		{30D46831-8734-4BD4-B607-6557708F275D}.Debug|Any CPU.Build.0 = Debug|Any CPU
		{30D46831-8734-4BD4-B607-6557708F275D}.Release|Any CPU.ActiveCfg = Release|Any CPU
		{30D46831-8734-4BD4-B607-6557708F275D}.Release|Any CPU.Build.0 = Release|Any CPU
		{FCCE83F3-2C74-43C8-BC62-515D3F8D13F9}.Debug|Any CPU.ActiveCfg = Debug|Any CPU
		{FCCE83F3-2C74-43C8-BC62-515D3F8D13F9}.Debug|Any CPU.Build.0 = Debug|Any CPU
		{FCCE83F3-2C74-43C8-BC62-515D3F8D13F9}.Release|Any CPU.ActiveCfg = Release|Any CPU
		{FCCE83F3-2C74-43C8-BC62-515D3F8D13F9}.Release|Any CPU.Build.0 = Release|Any CPU
	EndGlobalSection
	GlobalSection(SolutionProperties) = preSolution
		HideSolutionNode = FALSE
	EndGlobalSection
	GlobalSection(ExtensibilityGlobals) = postSolution
		SolutionGuid = {C1BC32DC-05FC-4964-A839-3EAAB65DC96F}
	EndGlobalSection
EndGlobal
